
Microsoft Visual Studio Solution File, Format Version 12.00
# Visual Studio Version 16
VisualStudioVersion = 16.0.29519.87
MinimumVisualStudioVersion = 10.0.40219.1
Project("{FAE04EC0-301F-11D3-BF4B-00C04F79EFBC}") = "casaTeste", "casaTeste.csproj", "{3B4E8990-55A8-485C-9462-0E48C0A2FDBC}"
EndProject
Global
	GlobalSection(SolutionConfigurationPlatforms) = preSolution
		Debug|Any CPU = Debug|Any CPU
		Release|Any CPU = Release|Any CPU
	EndGlobalSection
	GlobalSection(ProjectConfigurationPlatforms) = postSolution
		{3B4E8990-55A8-485C-9462-0E48C0A2FDBC}.Debug|Any CPU.ActiveCfg = Debug|Any CPU
		{3B4E8990-55A8-485C-9462-0E48C0A2FDBC}.Debug|Any CPU.Build.0 = Debug|Any CPU
		{3B4E8990-55A8-485C-9462-0E48C0A2FDBC}.Release|Any CPU.ActiveCfg = Release|Any CPU
		{3B4E8990-55A8-485C-9462-0E48C0A2FDBC}.Release|Any CPU.Build.0 = Release|Any CPU
	EndGlobalSection
	GlobalSection(SolutionProperties) = preSolution
		HideSolutionNode = FALSE
	EndGlobalSection
	GlobalSection(ExtensibilityGlobals) = postSolution
		SolutionGuid = {83BD7D25-119B-416A-A59A-375CA660593F}
	EndGlobalSection
EndGlobal
